
Microsoft Visual Studio Solution File, Format Version 12.00
# Visual Studio Version 17
VisualStudioVersion = 17.9.34723.18
MinimumVisualStudioVersion = 10.0.40219.1
Project("{FAE04EC0-301F-11D3-BF4B-00C04F79EFBC}") = "PontoAll.WebAPI", "PontoAll.WebAPI.csproj", "{2FF4A5C5-2BA5-4DF2-B197-9149BF15F983}"
EndProject
Global
	GlobalSection(SolutionConfigurationPlatforms) = preSolution
		Debug|Any CPU = Debug|Any CPU
		Release|Any CPU = Release|Any CPU
	EndGlobalSection
	GlobalSection(ProjectConfigurationPlatforms) = postSolution
		{2FF4A5C5-2BA5-4DF2-B197-9149BF15F983}.Debug|Any CPU.ActiveCfg = Debug|Any CPU
		{2FF4A5C5-2BA5-4DF2-B197-9149BF15F983}.Debug|Any CPU.Build.0 = Debug|Any CPU
		{2FF4A5C5-2BA5-4DF2-B197-9149BF15F983}.Release|Any CPU.ActiveCfg = Release|Any CPU
		{2FF4A5C5-2BA5-4DF2-B197-9149BF15F983}.Release|Any CPU.Build.0 = Release|Any CPU
	EndGlobalSection
	GlobalSection(SolutionProperties) = preSolution
		HideSolutionNode = FALSE
	EndGlobalSection
	GlobalSection(ExtensibilityGlobals) = postSolution
		SolutionGuid = {4467717E-1467-4472-8CC1-49957BD8FA2C}
	EndGlobalSection
EndGlobal
